# THIS IS AN AUTOGENERATED FILE. DO NOT EDIT THIS FILE DIRECTLY.
# yarn lockfile v1


"@types/node@^12.6.2":
  version "12.6.2"
  resolved "https://registry.yarnpkg.com/@types/node/-/node-12.6.2.tgz#a5ccec6abb6060d5f20d256fb03ed743e9774999"
  integrity sha512-gojym4tX0FWeV2gsW4Xmzo5wxGjXGm550oVUII7f7G5o4BV6c7DBdiG1RRQd+y1bvqRyYtPfMK85UM95vsapqQ==

"@types/prop-types@*":
  version "15.7.0"
  resolved "https://registry.yarnpkg.com/@types/prop-types/-/prop-types-15.7.0.tgz#4c48fed958d6dcf9487195a0ef6456d5f6e0163a"
  integrity sha512-eItQyV43bj4rR3JPV0Skpl1SncRCdziTEK9/v8VwXmV6d/qOUO8/EuWeHBbCZcsfSHfzI5UyMJLCSXtxxznyZg==

"@types/react@^16.8.8":
  version "16.8.8"
  resolved "https://registry.yarnpkg.com/@types/react/-/react-16.8.8.tgz#4b60a469fd2469f7aa6eaa0f8cfbc51f6d76e662"
  integrity sha512-xwEvyet96u7WnB96kqY0yY7qxx/pEpU51QeACkKFtrgjjXITQn0oO1iwPEraXVgh10ZFPix7gs1R4OJXF7P5sg==
  dependencies:
    "@types/prop-types" "*"
    csstype "^2.2.0"

csstype@^2.2.0:
  version "2.6.3"
  resolved "https://registry.yarnpkg.com/csstype/-/csstype-2.6.3.tgz#b701e5968245bf9b08d54ac83d00b624e622a9fa"
  integrity sha512-rINUZXOkcBmoHWEyu7JdHu5JMzkGRoMX4ov9830WNgxf5UYxcBUO0QTKAqeJ5EZfSdlrcJYkC8WwfVW7JYi4yg==

"js-tokens@^3.0.0 || ^4.0.0":
  version "4.0.0"
  resolved "https://registry.yarnpkg.com/js-tokens/-/js-tokens-4.0.0.tgz#19203fb59991df98e3a287050d4647cdeaf32499"
  integrity sha512-RdJUflcE3cUzKiMqQgsCu06FPu9UdIJO0beYbPhHN4k6apgJtifcoCtT9bcxOpYBtpD2kCM6Sbzg4CausW/PKQ==

loose-envify@^1.1.0, loose-envify@^1.4.0:
  version "1.4.0"
  resolved "https://registry.yarnpkg.com/loose-envify/-/loose-envify-1.4.0.tgz#71ee51fa7be4caec1a63839f7e682d8132d30caf"
  integrity sha512-lyuxPGr/Wfhrlem2CL/UcnUc1zcqKAImBDzukY7Y5F/yQiNdko6+fRLevlw1HgMySw7f611UIY408EtxRSoK3Q==
  dependencies:
    js-tokens "^3.0.0 || ^4.0.0"

object-assign@^4.1.1:
  version "4.1.1"
  resolved "https://registry.yarnpkg.com/object-assign/-/object-assign-4.1.1.tgz#2109adc7965887cfc05cbbd442cac8bfbb360863"
  integrity sha1-IQmtx5ZYh8/AXLvUQsrIv7s2CGM=

prop-types@^15.6.2:
  version "15.7.2"
  resolved "https://registry.yarnpkg.com/prop-types/-/prop-types-15.7.2.tgz#52c41e75b8c87e72b9d9360e0206b99dcbffa6c5"
  integrity sha512-8QQikdH7//R2vurIJSutZ1smHYTcLpRWEOlHnzcWHmBYrOGUysKwSsrC89BCiFj3CbrfJ/nXFdJepOVrY1GCHQ==
  dependencies:
    loose-envify "^1.4.0"
    object-assign "^4.1.1"
    react-is "^16.8.1"

react-is@^16.8.1:
  version "16.8.4"
  resolved "https://registry.yarnpkg.com/react-is/-/react-is-16.8.4.tgz#90f336a68c3a29a096a3d648ab80e87ec61482a2"
  integrity sha512-PVadd+WaUDOAciICm/J1waJaSvgq+4rHE/K70j0PFqKhkTBsPv/82UGQJNXAngz1fOQLLxI6z1sEDmJDQhCTAA==

react@^16.8.4:
  version "16.8.4"
  resolved "https://registry.yarnpkg.com/react/-/react-16.8.4.tgz#fdf7bd9ae53f03a9c4cd1a371432c206be1c4768"
  integrity sha512-0GQ6gFXfUH7aZcjGVymlPOASTuSjlQL4ZtVC5YKH+3JL6bBLCVO21DknzmaPlI90LN253ojj02nsapy+j7wIjg==
  dependencies:
    loose-envify "^1.1.0"
    object-assign "^4.1.1"
    prop-types "^15.6.2"
    scheduler "^0.13.4"

scheduler@^0.13.4:
  version "0.13.4"
  resolved "https://registry.yarnpkg.com/scheduler/-/scheduler-0.13.4.tgz#8fef05e7a3580c76c0364d2df5e550e4c9140298"
  integrity sha512-cvSOlRPxOHs5dAhP9yiS/6IDmVAVxmk33f0CtTJRkmUWcb1Us+t7b1wqdzoC0REw2muC9V5f1L/w5R5uKGaepA==
  dependencies:
    loose-envify "^1.1.0"
    object-assign "^4.1.1"

typescript@^3.3.4000:
  version "3.3.4000"
  resolved "https://registry.yarnpkg.com/typescript/-/typescript-3.3.4000.tgz#76b0f89cfdbf97827e1112d64f283f1151d6adf0"
  integrity sha512-jjOcCZvpkl2+z7JFn0yBOoLQyLoIkNZAs/fYJkUG6VKy6zLPHJGfQJYFHzibB6GJaF/8QrcECtlQ5cpvRHSMEA==
